PODS:
  - AWSCore (2.5.0)
  - AWSS3 (2.5.0):
    - AWSCore (= 2.5.0)

DEPENDENCIES:
  - AWSCore
  - AWSS3

SPEC CHECKSUMS:
  AWSCore: e9839d27ceaa2db75934a9c418630ce63c23e347
  AWSS3: 3678dd99006ff77c825fb857fc7cbaca0db848c6

PODFILE CHECKSUM: 05a40fbbe044e5574d74a3749d4276238f53bb21

COCOAPODS: 1.2.0
