// !$*UTF8*$!
{
	archiveVersion = 1;
	classes = {
	};
	objectVersion = 46;
	objects = {

/* Begin PBXBuildFile section */
		1C43CB88DFC27B34F691E04A /* Pods_FingerBlade.framework in Frameworks */ = {isa = PBXBuildFile; fileRef = AAD9BB5334EDD74B83CAF556 /* Pods_FingerBlade.framework */; };
		A007A1C81E688868009D2395 /* CutView.swift in Sources */ = {isa = PBXBuildFile; fileRef = A007A1C71E688868009D2395 /* CutView.swift */; };
		A007A1CA1E68B053009D2395 /* CutViewController.swift in Sources */ = {isa = PBXBuildFile; fileRef = A007A1C91E68B053009D2395 /* CutViewController.swift */; };
		A0199F361E4CFB0600DA581A /* AWSRegionType.swift in Sources */ = {isa = PBXBuildFile; fileRef = A0199F351E4CFB0600DA581A /* AWSRegionType.swift */; };
		A0199F381E4D00DA00DA581A /* KeyRing.swift in Sources */ = {isa = PBXBuildFile; fileRef = A0199F371E4D00DA00DA581A /* KeyRing.swift */; };
		A01B0FC81E554A9600C1C195 /* DataFileHandler.swift in Sources */ = {isa = PBXBuildFile; fileRef = A01B0FC71E554A9600C1C195 /* DataFileHandler.swift */; };
		A03BFCD41E67B8FC00051570 /* CutDrawPath.swift in Sources */ = {isa = PBXBuildFile; fileRef = A03BFCD31E67B8FC00051570 /* CutDrawPath.swift */; };
		A069B2741E6A46380027941C /* DotView.swift in Sources */ = {isa = PBXBuildFile; fileRef = A069B2731E6A46380027941C /* DotView.swift */; };
		A069B2761E6A85650027941C /* CutPathGenerator.swift in Sources */ = {isa = PBXBuildFile; fileRef = A069B2751E6A85650027941C /* CutPathGenerator.swift */; };
		A07691741E4C0F76004DF141 /* Keys.plist in Resources */ = {isa = PBXBuildFile; fileRef = A07691731E4C0F76004DF141 /* Keys.plist */; };
		A07866BC1E3C398D009E54F6 /* AppDelegate.swift in Sources */ = {isa = PBXBuildFile; fileRef = A07866BB1E3C398D009E54F6 /* AppDelegate.swift */; };
		A07866BE1E3C398D009E54F6 /* WelcomeViewController.swift in Sources */ = {isa = PBXBuildFile; fileRef = A07866BD1E3C398D009E54F6 /* WelcomeViewController.swift */; };
		A07866C11E3C398D009E54F6 /* Main.storyboard in Resources */ = {isa = PBXBuildFile; fileRef = A07866BF1E3C398D009E54F6 /* Main.storyboard */; };
		A07866C31E3C398D009E54F6 /* Assets.xcassets in Resources */ = {isa = PBXBuildFile; fileRef = A07866C21E3C398D009E54F6 /* Assets.xcassets */; };
		A07866C61E3C398D009E54F6 /* LaunchScreen.storyboard in Resources */ = {isa = PBXBuildFile; fileRef = A07866C41E3C398D009E54F6 /* LaunchScreen.storyboard */; };
		A07866D11E3C398E009E54F6 /* FingerBladeTests.swift in Sources */ = {isa = PBXBuildFile; fileRef = A07866D01E3C398E009E54F6 /* FingerBladeTests.swift */; };
		A07866DC1E3C39E0009E54F6 /* UITapSwipeGestureRecognizer.swift in Sources */ = {isa = PBXBuildFile; fileRef = A07866DB1E3C39E0009E54F6 /* UITapSwipeGestureRecognizer.swift */; };
		A089910D1E611B5E00259058 /* HandViewController.swift in Sources */ = {isa = PBXBuildFile; fileRef = A089910C1E611B5E00259058 /* HandViewController.swift */; };
		A089910F1E611B8B00259058 /* SubscribeViewController.swift in Sources */ = {isa = PBXBuildFile; fileRef = A089910E1E611B8B00259058 /* SubscribeViewController.swift */; };
		A0B079DC1E6A1CBC00B85E85 /* TutorialViewController.swift in Sources */ = {isa = PBXBuildFile; fileRef = A0B079DB1E6A1CBC00B85E85 /* TutorialViewController.swift */; };
		A0B446EE1E4E555E006602D4 /* SampleStore.swift in Sources */ = {isa = PBXBuildFile; fileRef = A0B446ED1E4E555E006602D4 /* SampleStore.swift */; };
		A0B446F01E4E55EF006602D4 /* CutLine.swift in Sources */ = {isa = PBXBuildFile; fileRef = A0B446EF1E4E55EF006602D4 /* CutLine.swift */; };
		A0B447101E5612FB006602D4 /* Transmitter.swift in Sources */ = {isa = PBXBuildFile; fileRef = A0B4470F1E5612FB006602D4 /* Transmitter.swift */; };
		A0FE14271E691DF400CF6A3B /* Global.swift in Sources */ = {isa = PBXBuildFile; fileRef = A0FE14261E691DF400CF6A3B /* Global.swift */; };
/* End PBXBuildFile section */

/* Begin PBXContainerItemProxy section */
		A07866CD1E3C398E009E54F6 /* PBXContainerItemProxy */ = {
			isa = PBXContainerItemProxy;
			containerPortal = A07866B01E3C398D009E54F6 /* Project object */;
			proxyType = 1;
			remoteGlobalIDString = A07866B71E3C398D009E54F6;
			remoteInfo = FingerBlade;
		};
/* End PBXContainerItemProxy section */

/* Begin PBXFileReference section */
		1483090703F751B942F2E77E /* Pods-FingerBlade.debug.xcconfig */ = {isa = PBXFileReference; includeInIndex = 1; lastKnownFileType = text.xcconfig; name = "Pods-FingerBlade.debug.xcconfig"; path = "Pods/Target Support Files/Pods-FingerBlade/Pods-FingerBlade.debug.xcconfig"; sourceTree = "<group>"; };
		945CD0063663FDFED168BBF4 /* Pods-FingerBlade.release.xcconfig */ = {isa = PBXFileReference; includeInIndex = 1; lastKnownFileType = text.xcconfig; name = "Pods-FingerBlade.release.xcconfig"; path = "Pods/Target Support Files/Pods-FingerBlade/Pods-FingerBlade.release.xcconfig"; sourceTree = "<group>"; };
		A007A1C71E688868009D2395 /* CutView.swift */ = {isa = PBXFileReference; fileEncoding = 4; lastKnownFileType = sourcecode.swift; path = CutView.swift; sourceTree = "<group>"; };
		A007A1C91E68B053009D2395 /* CutViewController.swift */ = {isa = PBXFileReference; fileEncoding = 4; lastKnownFileType = sourcecode.swift; path = CutViewController.swift; sourceTree = "<group>"; };
		A0199F351E4CFB0600DA581A /* AWSRegionType.swift */ = {isa = PBXFileReference; fileEncoding = 4; lastKnownFileType = sourcecode.swift; path = AWSRegionType.swift; sourceTree = "<group>"; };
		A0199F371E4D00DA00DA581A /* KeyRing.swift */ = {isa = PBXFileReference; fileEncoding = 4; lastKnownFileType = sourcecode.swift; path = KeyRing.swift; sourceTree = "<group>"; };
		A01B0FC71E554A9600C1C195 /* DataFileHandler.swift */ = {isa = PBXFileReference; fileEncoding = 4; lastKnownFileType = sourcecode.swift; path = DataFileHandler.swift; sourceTree = "<group>"; };
		A03BFCD31E67B8FC00051570 /* CutDrawPath.swift */ = {isa = PBXFileReference; fileEncoding = 4; lastKnownFileType = sourcecode.swift; path = CutDrawPath.swift; sourceTree = "<group>"; };
		A069B2731E6A46380027941C /* DotView.swift */ = {isa = PBXFileReference; fileEncoding = 4; lastKnownFileType = sourcecode.swift; path = DotView.swift; sourceTree = "<group>"; };
		A069B2751E6A85650027941C /* CutPathGenerator.swift */ = {isa = PBXFileReference; fileEncoding = 4; lastKnownFileType = sourcecode.swift; path = CutPathGenerator.swift; sourceTree = "<group>"; };
		A07691731E4C0F76004DF141 /* Keys.plist */ = {isa = PBXFileReference; fileEncoding = 4; lastKnownFileType = text.plist.xml; path = Keys.plist; sourceTree = "<group>"; };
		A07866B81E3C398D009E54F6 /* FingerBlade.app */ = {isa = PBXFileReference; explicitFileType = wrapper.application; includeInIndex = 0; path = FingerBlade.app; sourceTree = BUILT_PRODUCTS_DIR; };
		A07866BB1E3C398D009E54F6 /* AppDelegate.swift */ = {isa = PBXFileReference; lastKnownFileType = sourcecode.swift; path = AppDelegate.swift; sourceTree = "<group>"; };
		A07866BD1E3C398D009E54F6 /* WelcomeViewController.swift */ = {isa = PBXFileReference; lastKnownFileType = sourcecode.swift; path = WelcomeViewController.swift; sourceTree = "<group>"; };
		A07866C01E3C398D009E54F6 /* Base */ = {isa = PBXFileReference; lastKnownFileType = file.storyboard; name = Base; path = Base.lproj/Main.storyboard; sourceTree = "<group>"; };
		A07866C21E3C398D009E54F6 /* Assets.xcassets */ = {isa = PBXFileReference; lastKnownFileType = folder.assetcatalog; path = Assets.xcassets; sourceTree = "<group>"; };
		A07866C51E3C398D009E54F6 /* Base */ = {isa = PBXFileReference; lastKnownFileType = file.storyboard; name = Base; path = Base.lproj/LaunchScreen.storyboard; sourceTree = "<group>"; };
		A07866C71E3C398D009E54F6 /* Info.plist */ = {isa = PBXFileReference; lastKnownFileType = text.plist.xml; path = Info.plist; sourceTree = "<group>"; };
		A07866CC1E3C398E009E54F6 /* FingerBladeTests.xctest */ = {isa = PBXFileReference; explicitFileType = wrapper.cfbundle; includeInIndex = 0; path = FingerBladeTests.xctest; sourceTree = BUILT_PRODUCTS_DIR; };
		A07866D01E3C398E009E54F6 /* FingerBladeTests.swift */ = {isa = PBXFileReference; lastKnownFileType = sourcecode.swift; path = FingerBladeTests.swift; sourceTree = "<group>"; };
		A07866D21E3C398E009E54F6 /* Info.plist */ = {isa = PBXFileReference; lastKnownFileType = text.plist.xml; path = Info.plist; sourceTree = "<group>"; };
		A07866DB1E3C39E0009E54F6 /* UITapSwipeGestureRecognizer.swift */ = {isa = PBXFileReference; fileEncoding = 4; lastKnownFileType = sourcecode.swift; path = UITapSwipeGestureRecognizer.swift; sourceTree = "<group>"; };
		A089910C1E611B5E00259058 /* HandViewController.swift */ = {isa = PBXFileReference; fileEncoding = 4; lastKnownFileType = sourcecode.swift; path = HandViewController.swift; sourceTree = "<group>"; };
		A089910E1E611B8B00259058 /* SubscribeViewController.swift */ = {isa = PBXFileReference; fileEncoding = 4; lastKnownFileType = sourcecode.swift; path = SubscribeViewController.swift; sourceTree = "<group>"; };
		A0B079DB1E6A1CBC00B85E85 /* TutorialViewController.swift */ = {isa = PBXFileReference; fileEncoding = 4; lastKnownFileType = sourcecode.swift; path = TutorialViewController.swift; sourceTree = "<group>"; };
		A0B446ED1E4E555E006602D4 /* SampleStore.swift */ = {isa = PBXFileReference; fileEncoding = 4; lastKnownFileType = sourcecode.swift; path = SampleStore.swift; sourceTree = "<group>"; };
		A0B446EF1E4E55EF006602D4 /* CutLine.swift */ = {isa = PBXFileReference; fileEncoding = 4; lastKnownFileType = sourcecode.swift; path = CutLine.swift; sourceTree = "<group>"; };
		A0B4470F1E5612FB006602D4 /* Transmitter.swift */ = {isa = PBXFileReference; fileEncoding = 4; lastKnownFileType = sourcecode.swift; path = Transmitter.swift; sourceTree = "<group>"; };
		A0FE14261E691DF400CF6A3B /* Global.swift */ = {isa = PBXFileReference; fileEncoding = 4; lastKnownFileType = sourcecode.swift; path = Global.swift; sourceTree = "<group>"; };
		AAD9BB5334EDD74B83CAF556 /* Pods_FingerBlade.framework */ = {isa = PBXFileReference; explicitFileType = wrapper.framework; includeInIndex = 0; path = Pods_FingerBlade.framework; sourceTree = BUILT_PRODUCTS_DIR; };
/* End PBXFileReference section */

/* Begin PBXFrameworksBuildPhase section */
		A07866B51E3C398D009E54F6 /* Frameworks */ = {
			isa = PBXFrameworksBuildPhase;
			buildActionMask = 2147483647;
			files = (
				1C43CB88DFC27B34F691E04A /* Pods_FingerBlade.framework in Frameworks */,
			);
			runOnlyForDeploymentPostprocessing = 0;
		};
		A07866C91E3C398E009E54F6 /* Frameworks */ = {
			isa = PBXFrameworksBuildPhase;
			buildActionMask = 2147483647;
			files = (
			);
			runOnlyForDeploymentPostprocessing = 0;
		};
/* End PBXFrameworksBuildPhase section */

/* Begin PBXGroup section */
		5C9CC0B265821A695061A1D6 /* Pods */ = {
			isa = PBXGroup;
			children = (
				1483090703F751B942F2E77E /* Pods-FingerBlade.debug.xcconfig */,
				945CD0063663FDFED168BBF4 /* Pods-FingerBlade.release.xcconfig */,
			);
			name = Pods;
			sourceTree = "<group>";
		};
		A007A1C61E68883C009D2395 /* View */ = {
			isa = PBXGroup;
			children = (
				A007A1C71E688868009D2395 /* CutView.swift */,
				A069B2731E6A46380027941C /* DotView.swift */,
			);
			name = View;
			sourceTree = "<group>";
		};
		A0199F341E4CFAE000DA581A /* Helpers */ = {
			isa = PBXGroup;
			children = (
				A0B446EF1E4E55EF006602D4 /* CutLine.swift */,
				A07866DB1E3C39E0009E54F6 /* UITapSwipeGestureRecognizer.swift */,
				A0FE14261E691DF400CF6A3B /* Global.swift */,
			);
			name = Helpers;
			sourceTree = "<group>";
		};
		A01B0FCA1E554CBA00C1C195 /* Controllers */ = {
			isa = PBXGroup;
			children = (
				A07866BB1E3C398D009E54F6 /* AppDelegate.swift */,
				A07866BD1E3C398D009E54F6 /* WelcomeViewController.swift */,
				A089910C1E611B5E00259058 /* HandViewController.swift */,
				A089910E1E611B8B00259058 /* SubscribeViewController.swift */,
				A0B079DB1E6A1CBC00B85E85 /* TutorialViewController.swift */,
				A007A1C91E68B053009D2395 /* CutViewController.swift */,
			);
			name = Controllers;
			sourceTree = "<group>";
		};
		A01B0FCB1E554CC800C1C195 /* UI */ = {
			isa = PBXGroup;
			children = (
				A07866BF1E3C398D009E54F6 /* Main.storyboard */,
				A07866C21E3C398D009E54F6 /* Assets.xcassets */,
				A07866C41E3C398D009E54F6 /* LaunchScreen.storyboard */,
			);
			name = UI;
			sourceTree = "<group>";
		};
		A07866AF1E3C398D009E54F6 = {
			isa = PBXGroup;
			children = (
				A07866BA1E3C398D009E54F6 /* FingerBlade */,
				A07866CF1E3C398E009E54F6 /* FingerBladeTests */,
				A07866B91E3C398D009E54F6 /* Products */,
				5C9CC0B265821A695061A1D6 /* Pods */,
				FB46A402ADF2A16049CE2230 /* Frameworks */,
			);
			sourceTree = "<group>";
		};
		A07866B91E3C398D009E54F6 /* Products */ = {
			isa = PBXGroup;
			children = (
				A07866B81E3C398D009E54F6 /* FingerBlade.app */,
				A07866CC1E3C398E009E54F6 /* FingerBladeTests.xctest */,
			);
			name = Products;
			sourceTree = "<group>";
		};
		A07866BA1E3C398D009E54F6 /* FingerBlade */ = {
			isa = PBXGroup;
			children = (
				A0E295951E52753E00B2224F /* AWS */,
				A0B446EC1E4E5530006602D4 /* Data */,
				A01B0FCA1E554CBA00C1C195 /* Controllers */,
				A007A1C61E68883C009D2395 /* View */,
				A01B0FCB1E554CC800C1C195 /* UI */,
				A0199F341E4CFAE000DA581A /* Helpers */,
				A07866C71E3C398D009E54F6 /* Info.plist */,
				A07691731E4C0F76004DF141 /* Keys.plist */,
			);
			path = FingerBlade;
			sourceTree = "<group>";
		};
		A07866CF1E3C398E009E54F6 /* FingerBladeTests */ = {
			isa = PBXGroup;
			children = (
				A07866D01E3C398E009E54F6 /* FingerBladeTests.swift */,
				A07866D21E3C398E009E54F6 /* Info.plist */,
			);
			path = FingerBladeTests;
			sourceTree = "<group>";
		};
		A0B446EC1E4E5530006602D4 /* Data */ = {
			isa = PBXGroup;
			children = (
				A0B446ED1E4E555E006602D4 /* SampleStore.swift */,
				A01B0FC71E554A9600C1C195 /* DataFileHandler.swift */,
				A03BFCD31E67B8FC00051570 /* CutDrawPath.swift */,
				A069B2751E6A85650027941C /* CutPathGenerator.swift */,
			);
			name = Data;
			sourceTree = "<group>";
		};
		A0E295951E52753E00B2224F /* AWS */ = {
			isa = PBXGroup;
			children = (
				A0199F351E4CFB0600DA581A /* AWSRegionType.swift */,
				A0199F371E4D00DA00DA581A /* KeyRing.swift */,
				A0B4470F1E5612FB006602D4 /* Transmitter.swift */,
			);
			name = AWS;
			sourceTree = "<group>";
		};
		FB46A402ADF2A16049CE2230 /* Frameworks */ = {
			isa = PBXGroup;
			children = (
				AAD9BB5334EDD74B83CAF556 /* Pods_FingerBlade.framework */,
			);
			name = Frameworks;
			sourceTree = "<group>";
		};
/* End PBXGroup section */

/* Begin PBXNativeTarget section */
		A07866B71E3C398D009E54F6 /* FingerBlade */ = {
			isa = PBXNativeTarget;
			buildConfigurationList = A07866D51E3C398E009E54F6 /* Build configuration list for PBXNativeTarget "FingerBlade" */;
			buildPhases = (
				8933B04FD75EA94117801CA7 /* [CP] Check Pods Manifest.lock */,
				A07866B41E3C398D009E54F6 /* Sources */,
				A07866B51E3C398D009E54F6 /* Frameworks */,
				A07866B61E3C398D009E54F6 /* Resources */,
				ED3E7E390F0C8724C26E4121 /* [CP] Embed Pods Frameworks */,
				F7196E611493DC0A3116F525 /* [CP] Copy Pods Resources */,
			);
			buildRules = (
			);
			dependencies = (
			);
			name = FingerBlade;
			productName = FingerBlade;
			productReference = A07866B81E3C398D009E54F6 /* FingerBlade.app */;
			productType = "com.apple.product-type.application";
		};
		A07866CB1E3C398E009E54F6 /* FingerBladeTests */ = {
			isa = PBXNativeTarget;
			buildConfigurationList = A07866D81E3C398E009E54F6 /* Build configuration list for PBXNativeTarget "FingerBladeTests" */;
			buildPhases = (
				A07866C81E3C398E009E54F6 /* Sources */,
				A07866C91E3C398E009E54F6 /* Frameworks */,
				A07866CA1E3C398E009E54F6 /* Resources */,
			);
			buildRules = (
			);
			dependencies = (
				A07866CE1E3C398E009E54F6 /* PBXTargetDependency */,
			);
			name = FingerBladeTests;
			productName = FingerBladeTests;
			productReference = A07866CC1E3C398E009E54F6 /* FingerBladeTests.xctest */;
			productType = "com.apple.product-type.bundle.unit-test";
		};
/* End PBXNativeTarget section */

/* Begin PBXProject section */
		A07866B01E3C398D009E54F6 /* Project object */ = {
			isa = PBXProject;
			attributes = {
				LastSwiftUpdateCheck = 0820;
				LastUpgradeCheck = 0820;
				ORGANIZATIONNAME = "the Odin Spire";
				TargetAttributes = {
					A07866B71E3C398D009E54F6 = {
						CreatedOnToolsVersion = 8.2.1;
						DevelopmentTeam = MQ79U7S5FQ;
						ProvisioningStyle = Automatic;
					};
					A07866CB1E3C398E009E54F6 = {
						CreatedOnToolsVersion = 8.2.1;
						ProvisioningStyle = Automatic;
						TestTargetID = A07866B71E3C398D009E54F6;
					};
				};
			};
			buildConfigurationList = A07866B31E3C398D009E54F6 /* Build configuration list for PBXProject "FingerBlade" */;
			compatibilityVersion = "Xcode 3.2";
			developmentRegion = English;
			hasScannedForEncodings = 0;
			knownRegions = (
				en,
				Base,
			);
			mainGroup = A07866AF1E3C398D009E54F6;
			productRefGroup = A07866B91E3C398D009E54F6 /* Products */;
			projectDirPath = "";
			projectRoot = "";
			targets = (
				A07866B71E3C398D009E54F6 /* FingerBlade */,
				A07866CB1E3C398E009E54F6 /* FingerBladeTests */,
			);
		};
/* End PBXProject section */

/* Begin PBXResourcesBuildPhase section */
		A07866B61E3C398D009E54F6 /* Resources */ = {
			isa = PBXResourcesBuildPhase;
			buildActionMask = 2147483647;
			files = (
				A07691741E4C0F76004DF141 /* Keys.plist in Resources */,
				A07866C61E3C398D009E54F6 /* LaunchScreen.storyboard in Resources */,
				A07866C31E3C398D009E54F6 /* Assets.xcassets in Resources */,
				A07866C11E3C398D009E54F6 /* Main.storyboard in Resources */,
			);
			runOnlyForDeploymentPostprocessing = 0;
		};
		A07866CA1E3C398E009E54F6 /* Resources */ = {
			isa = PBXResourcesBuildPhase;
			buildActionMask = 2147483647;
			files = (
			);
			runOnlyForDeploymentPostprocessing = 0;
		};
/* End PBXResourcesBuildPhase section */

/* Begin PBXShellScriptBuildPhase section */
		8933B04FD75EA94117801CA7 /* [CP] Check Pods Manifest.lock */ = {
			isa = PBXShellScriptBuildPhase;
			buildActionMask = 2147483647;
			files = (
			);
			inputPaths = (
			);
			name = "[CP] Check Pods Manifest.lock";
			outputPaths = (
			);
			runOnlyForDeploymentPostprocessing = 0;
			shellPath = /bin/sh;
			shellScript = "diff \"${PODS_ROOT}/../Podfile.lock\" \"${PODS_ROOT}/Manifest.lock\" > /dev/null\nif [ $? != 0 ] ; then\n    # print error to STDERR\n    echo \"error: The sandbox is not in sync with the Podfile.lock. Run 'pod install' or update your CocoaPods installation.\" >&2\n    exit 1\nfi\n";
			showEnvVarsInLog = 0;
		};
		ED3E7E390F0C8724C26E4121 /* [CP] Embed Pods Frameworks */ = {
			isa = PBXShellScriptBuildPhase;
			buildActionMask = 2147483647;
			files = (
			);
			inputPaths = (
			);
			name = "[CP] Embed Pods Frameworks";
			outputPaths = (
			);
			runOnlyForDeploymentPostprocessing = 0;
			shellPath = /bin/sh;
			shellScript = "\"${SRCROOT}/Pods/Target Support Files/Pods-FingerBlade/Pods-FingerBlade-frameworks.sh\"\n";
			showEnvVarsInLog = 0;
		};
		F7196E611493DC0A3116F525 /* [CP] Copy Pods Resources */ = {
			isa = PBXShellScriptBuildPhase;
			buildActionMask = 2147483647;
			files = (
			);
			inputPaths = (
			);
			name = "[CP] Copy Pods Resources";
			outputPaths = (
			);
			runOnlyForDeploymentPostprocessing = 0;
			shellPath = /bin/sh;
			shellScript = "\"${SRCROOT}/Pods/Target Support Files/Pods-FingerBlade/Pods-FingerBlade-resources.sh\"\n";
			showEnvVarsInLog = 0;
		};
/* End PBXShellScriptBuildPhase section */

/* Begin PBXSourcesBuildPhase section */
		A07866B41E3C398D009E54F6 /* Sources */ = {
			isa = PBXSourcesBuildPhase;
			buildActionMask = 2147483647;
			files = (
				A01B0FC81E554A9600C1C195 /* DataFileHandler.swift in Sources */,
				A089910D1E611B5E00259058 /* HandViewController.swift in Sources */,
				A07866BE1E3C398D009E54F6 /* WelcomeViewController.swift in Sources */,
				A0B446EE1E4E555E006602D4 /* SampleStore.swift in Sources */,
				A07866DC1E3C39E0009E54F6 /* UITapSwipeGestureRecognizer.swift in Sources */,
				A07866BC1E3C398D009E54F6 /* AppDelegate.swift in Sources */,
				A0199F381E4D00DA00DA581A /* KeyRing.swift in Sources */,
				A007A1C81E688868009D2395 /* CutView.swift in Sources */,
				A0FE14271E691DF400CF6A3B /* Global.swift in Sources */,
				A069B2761E6A85650027941C /* CutPathGenerator.swift in Sources */,
				A03BFCD41E67B8FC00051570 /* CutDrawPath.swift in Sources */,
				A0B079DC1E6A1CBC00B85E85 /* TutorialViewController.swift in Sources */,
				A089910F1E611B8B00259058 /* SubscribeViewController.swift in Sources */,
				A0B447101E5612FB006602D4 /* Transmitter.swift in Sources */,
				A0B446F01E4E55EF006602D4 /* CutLine.swift in Sources */,
				A0199F361E4CFB0600DA581A /* AWSRegionType.swift in Sources */,
				A007A1CA1E68B053009D2395 /* CutViewController.swift in Sources */,
				A069B2741E6A46380027941C /* DotView.swift in Sources */,
			);
			runOnlyForDeploymentPostprocessing = 0;
		};
		A07866C81E3C398E009E54F6 /* Sources */ = {
			isa = PBXSourcesBuildPhase;
			buildActionMask = 2147483647;
			files = (
				A07866D11E3C398E009E54F6 /* FingerBladeTests.swift in Sources */,
			);
			runOnlyForDeploymentPostprocessing = 0;
		};
/* End PBXSourcesBuildPhase section */

/* Begin PBXTargetDependency section */
		A07866CE1E3C398E009E54F6 /* PBXTargetDependency */ = {
			isa = PBXTargetDependency;
			target = A07866B71E3C398D009E54F6 /* FingerBlade */;
			targetProxy = A07866CD1E3C398E009E54F6 /* PBXContainerItemProxy */;
		};
/* End PBXTargetDependency section */

/* Begin PBXVariantGroup section */
		A07866BF1E3C398D009E54F6 /* Main.storyboard */ = {
			isa = PBXVariantGroup;
			children = (
				A07866C01E3C398D009E54F6 /* Base */,
			);
			name = Main.storyboard;
			sourceTree = "<group>";
		};
		A07866C41E3C398D009E54F6 /* LaunchScreen.storyboard */ = {
			isa = PBXVariantGroup;
			children = (
				A07866C51E3C398D009E54F6 /* Base */,
			);
			name = LaunchScreen.storyboard;
			sourceTree = "<group>";
		};
/* End PBXVariantGroup section */

/* Begin XCBuildConfiguration section */
		A07866D31E3C398E009E54F6 /* Debug */ = {
			isa = XCBuildConfiguration;
			buildSettings = {
				ALWAYS_SEARCH_USER_PATHS = NO;
				CLANG_ANALYZER_NONNULL = YES;
				CLANG_CXX_LANGUAGE_STANDARD = "gnu++0x";
				CLANG_CXX_LIBRARY = "libc++";
				CLANG_ENABLE_MODULES = YES;
				CLANG_ENABLE_OBJC_ARC = YES;
				CLANG_WARN_BOOL_CONVERSION = YES;
				CLANG_WARN_CONSTANT_CONVERSION = YES;
				CLANG_WARN_DIRECT_OBJC_ISA_USAGE = YES_ERROR;
				CLANG_WARN_DOCUMENTATION_COMMENTS = YES;
				CLANG_WARN_EMPTY_BODY = YES;
				CLANG_WARN_ENUM_CONVERSION = YES;
				CLANG_WARN_INFINITE_RECURSION = YES;
				CLANG_WARN_INT_CONVERSION = YES;
				CLANG_WARN_OBJC_ROOT_CLASS = YES_ERROR;
				CLANG_WARN_SUSPICIOUS_MOVE = YES;
				CLANG_WARN_UNREACHABLE_CODE = YES;
				CLANG_WARN__DUPLICATE_METHOD_MATCH = YES;
				"CODE_SIGN_IDENTITY[sdk=iphoneos*]" = "iPhone Developer";
				COPY_PHASE_STRIP = NO;
				DEBUG_INFORMATION_FORMAT = dwarf;
				ENABLE_STRICT_OBJC_MSGSEND = YES;
				ENABLE_TESTABILITY = YES;
				GCC_C_LANGUAGE_STANDARD = gnu99;
				GCC_DYNAMIC_NO_PIC = NO;
				GCC_NO_COMMON_BLOCKS = YES;
				GCC_OPTIMIZATION_LEVEL = 0;
				GCC_PREPROCESSOR_DEFINITIONS = (
					"DEBUG=1",
					"$(inherited)",
				);
				GCC_WARN_64_TO_32_BIT_CONVERSION = YES;
				GCC_WARN_ABOUT_RETURN_TYPE = YES_ERROR;
				GCC_WARN_UNDECLARED_SELECTOR = YES;
				GCC_WARN_UNINITIALIZED_AUTOS = YES_AGGRESSIVE;
				GCC_WARN_UNUSED_FUNCTION = YES;
				GCC_WARN_UNUSED_VARIABLE = YES;
				IPHONEOS_DEPLOYMENT_TARGET = 10.2;
				MTL_ENABLE_DEBUG_INFO = YES;
				ONLY_ACTIVE_ARCH = YES;
				SDKROOT = iphoneos;
				SWIFT_ACTIVE_COMPILATION_CONDITIONS = DEBUG;
				SWIFT_OPTIMIZATION_LEVEL = "-Onone";
			};
			name = Debug;
		};
		A07866D41E3C398E009E54F6 /* Release */ = {
			isa = XCBuildConfiguration;
			buildSettings = {
				ALWAYS_SEARCH_USER_PATHS = NO;
				CLANG_ANALYZER_NONNULL = YES;
				CLANG_CXX_LANGUAGE_STANDARD = "gnu++0x";
				CLANG_CXX_LIBRARY = "libc++";
				CLANG_ENABLE_MODULES = YES;
				CLANG_ENABLE_OBJC_ARC = YES;
				CLANG_WARN_BOOL_CONVERSION = YES;
				CLANG_WARN_CONSTANT_CONVERSION = YES;
				CLANG_WARN_DIRECT_OBJC_ISA_USAGE = YES_ERROR;
				CLANG_WARN_DOCUMENTATION_COMMENTS = YES;
				CLANG_WARN_EMPTY_BODY = YES;
				CLANG_WARN_ENUM_CONVERSION = YES;
				CLANG_WARN_INFINITE_RECURSION = YES;
				CLANG_WARN_INT_CONVERSION = YES;
				CLANG_WARN_OBJC_ROOT_CLASS = YES_ERROR;
				CLANG_WARN_SUSPICIOUS_MOVE = YES;
				CLANG_WARN_UNREACHABLE_CODE = YES;
				CLANG_WARN__DUPLICATE_METHOD_MATCH = YES;
				"CODE_SIGN_IDENTITY[sdk=iphoneos*]" = "iPhone Developer";
				COPY_PHASE_STRIP = NO;
				DEBUG_INFORMATION_FORMAT = "dwarf-with-dsym";
				ENABLE_NS_ASSERTIONS = NO;
				ENABLE_STRICT_OBJC_MSGSEND = YES;
				GCC_C_LANGUAGE_STANDARD = gnu99;
				GCC_NO_COMMON_BLOCKS = YES;
				GCC_WARN_64_TO_32_BIT_CONVERSION = YES;
				GCC_WARN_ABOUT_RETURN_TYPE = YES_ERROR;
				GCC_WARN_UNDECLARED_SELECTOR = YES;
				GCC_WARN_UNINITIALIZED_AUTOS = YES_AGGRESSIVE;
				GCC_WARN_UNUSED_FUNCTION = YES;
				GCC_WARN_UNUSED_VARIABLE = YES;
				IPHONEOS_DEPLOYMENT_TARGET = 10.2;
				MTL_ENABLE_DEBUG_INFO = NO;
				SDKROOT = iphoneos;
				SWIFT_OPTIMIZATION_LEVEL = "-Owholemodule";
				VALIDATE_PRODUCT = YES;
			};
			name = Release;
		};
		A07866D61E3C398E009E54F6 /* Debug */ = {
			isa = XCBuildConfiguration;
			baseConfigurationReference = 1483090703F751B942F2E77E /* Pods-FingerBlade.debug.xcconfig */;
			buildSettings = {
				ASSETCATALOG_COMPILER_APPICON_NAME = AppIcon;
				DEVELOPMENT_TEAM = MQ79U7S5FQ;
				INFOPLIST_FILE = FingerBlade/Info.plist;
				LD_RUNPATH_SEARCH_PATHS = "$(inherited) @executable_path/Frameworks";
				PRODUCT_BUNDLE_IDENTIFIER = com.theodinspire.FingerBlade;
				PRODUCT_NAME = "$(TARGET_NAME)";
				SWIFT_VERSION = 3.0;
			};
			name = Debug;
		};
		A07866D71E3C398E009E54F6 /* Release */ = {
			isa = XCBuildConfiguration;
			baseConfigurationReference = 945CD0063663FDFED168BBF4 /* Pods-FingerBlade.release.xcconfig */;
			buildSettings = {
				ASSETCATALOG_COMPILER_APPICON_NAME = AppIcon;
				DEVELOPMENT_TEAM = MQ79U7S5FQ;
				INFOPLIST_FILE = FingerBlade/Info.plist;
				LD_RUNPATH_SEARCH_PATHS = "$(inherited) @executable_path/Frameworks";
				PRODUCT_BUNDLE_IDENTIFIER = com.theodinspire.FingerBlade;
				PRODUCT_NAME = "$(TARGET_NAME)";
				SWIFT_VERSION = 3.0;
			};
			name = Release;
		};
		A07866D91E3C398E009E54F6 /* Debug */ = {
			isa = XCBuildConfiguration;
			buildSettings = {
				ALWAYS_EMBED_SWIFT_STANDARD_LIBRARIES = YES;
				BUNDLE_LOADER = "$(TEST_HOST)";
				INFOPLIST_FILE = FingerBladeTests/Info.plist;
				LD_RUNPATH_SEARCH_PATHS = "$(inherited) @executable_path/Frameworks @loader_path/Frameworks";
				PRODUCT_BUNDLE_IDENTIFIER = com.theodinspire.FingerBladeTests;
				PRODUCT_NAME = "$(TARGET_NAME)";
				SWIFT_VERSION = 3.0;
				TEST_HOST = "$(BUILT_PRODUCTS_DIR)/FingerBlade.app/FingerBlade";
			};
			name = Debug;
		};
		A07866DA1E3C398E009E54F6 /* Release */ = {
			isa = XCBuildConfiguration;
			buildSettings = {
				ALWAYS_EMBED_SWIFT_STANDARD_LIBRARIES = YES;
				BUNDLE_LOADER = "$(TEST_HOST)";
				INFOPLIST_FILE = FingerBladeTests/Info.plist;
				LD_RUNPATH_SEARCH_PATHS = "$(inherited) @executable_path/Frameworks @loader_path/Frameworks";
				PRODUCT_BUNDLE_IDENTIFIER = com.theodinspire.FingerBladeTests;
				PRODUCT_NAME = "$(TARGET_NAME)";
				SWIFT_VERSION = 3.0;
				TEST_HOST = "$(BUILT_PRODUCTS_DIR)/FingerBlade.app/FingerBlade";
			};
			name = Release;
		};
/* End XCBuildConfiguration section */

/* Begin XCConfigurationList section */
		A07866B31E3C398D009E54F6 /* Build configuration list for PBXProject "FingerBlade" */ = {
			isa = XCConfigurationList;
			buildConfigurations = (
				A07866D31E3C398E009E54F6 /* Debug */,
				A07866D41E3C398E009E54F6 /* Release */,
			);
			defaultConfigurationIsVisible = 0;
			defaultConfigurationName = Release;
		};
		A07866D51E3C398E009E54F6 /* Build configuration list for PBXNativeTarget "FingerBlade" */ = {
			isa = XCConfigurationList;
			buildConfigurations = (
				A07866D61E3C398E009E54F6 /* Debug */,
				A07866D71E3C398E009E54F6 /* Release */,
			);
			defaultConfigurationIsVisible = 0;
			defaultConfigurationName = Release;
		};
		A07866D81E3C398E009E54F6 /* Build configuration list for PBXNativeTarget "FingerBladeTests" */ = {
			isa = XCConfigurationList;
			buildConfigurations = (
				A07866D91E3C398E009E54F6 /* Debug */,
				A07866DA1E3C398E009E54F6 /* Release */,
			);
			defaultConfigurationIsVisible = 0;
			defaultConfigurationName = Release;
		};
/* End XCConfigurationList section */
	};
	rootObject = A07866B01E3C398D009E54F6 /* Project object */;
}
